
Microsoft Visual Studio Solution File, Format Version 12.00
# 
Project("{FAE04EC0-301F-11D3-BF4B-00C04F79EFBC}") = "AuthService.Api", "AuthService.Api\AuthService.Api.csproj", "{BA8CEE6F-2E67-4D04-975F-E3A25E814211}"
EndProject
Project("{FAE04EC0-301F-11D3-BF4B-00C04F79EFBC}") = "AuthService.Domain", "AuthService.Domain\AuthService.Domain.csproj", "{3732E77D-8D35-4C42-9097-97AF81F14BBF}"
EndProject
Project("{FAE04EC0-301F-11D3-BF4B-00C04F79EFBC}") = "AuthService.Application", "AuthService.Application\AuthService.Application.csproj", "{59DC994B-B1A9-4899-8BFB-EDC89214F3DF}"
EndProject
Project("{FAE04EC0-301F-11D3-BF4B-00C04F79EFBC}") = "AuthService.Infrastructure", "AuthService.Infrastructure\AuthService.Infrastructure.csproj", "{7F698819-32EF-452F-85F2-0906D38BD3AA}"
EndProject
Project("{FAE04EC0-301F-11D3-BF4B-00C04F79EFBC}") = "AuthService.UnitTests", "AuthService.UnitTests\AuthService.UnitTests.csproj", "{AAB2EE48-8361-42E7-BCFF-10F7F177EAAC}"
EndProject
Project("{FAE04EC0-301F-11D3-BF4B-00C04F79EFBC}") = "AuthService.IntegrationTests", "AuthService.IntegrationTests\AuthService.IntegrationTests.csproj", "{0FEE9E57-A02C-4631-8538-57E2082DAF78}"
EndProject
Global
	GlobalSection(SolutionConfigurationPlatforms) = preSolution
		Debug|Any CPU = Debug|Any CPU
		Release|Any CPU = Release|Any CPU
	EndGlobalSection
	GlobalSection(ProjectConfigurationPlatforms) = postSolution
		{BA8CEE6F-2E67-4D04-975F-E3A25E814211}.Debug|Any CPU.ActiveCfg = Debug|Any CPU
		{BA8CEE6F-2E67-4D04-975F-E3A25E814211}.Debug|Any CPU.Build.0 = Debug|Any CPU
		{BA8CEE6F-2E67-4D04-975F-E3A25E814211}.Release|Any CPU.ActiveCfg = Release|Any CPU
		{BA8CEE6F-2E67-4D04-975F-E3A25E814211}.Release|Any CPU.Build.0 = Release|Any CPU
		{3732E77D-8D35-4C42-9097-97AF81F14BBF}.Debug|Any CPU.ActiveCfg = Debug|Any CPU
		{3732E77D-8D35-4C42-9097-97AF81F14BBF}.Debug|Any CPU.Build.0 = Debug|Any CPU
		{3732E77D-8D35-4C42-9097-97AF81F14BBF}.Release|Any CPU.ActiveCfg = Release|Any CPU
		{3732E77D-8D35-4C42-9097-97AF81F14BBF}.Release|Any CPU.Build.0 = Release|Any CPU
		{59DC994B-B1A9-4899-8BFB-EDC89214F3DF}.Debug|Any CPU.ActiveCfg = Debug|Any CPU
		{59DC994B-B1A9-4899-8BFB-EDC89214F3DF}.Debug|Any CPU.Build.0 = Debug|Any CPU
		{59DC994B-B1A9-4899-8BFB-EDC89214F3DF}.Release|Any CPU.ActiveCfg = Release|Any CPU
		{59DC994B-B1A9-4899-8BFB-EDC89214F3DF}.Release|Any CPU.Build.0 = Release|Any CPU
		{7F698819-32EF-452F-85F2-0906D38BD3AA}.Debug|Any CPU.ActiveCfg = Debug|Any CPU
		{7F698819-32EF-452F-85F2-0906D38BD3AA}.Debug|Any CPU.Build.0 = Debug|Any CPU
		{7F698819-32EF-452F-85F2-0906D38BD3AA}.Release|Any CPU.ActiveCfg = Release|Any CPU
		{7F698819-32EF-452F-85F2-0906D38BD3AA}.Release|Any CPU.Build.0 = Release|Any CPU
		{AAB2EE48-8361-42E7-BCFF-10F7F177EAAC}.Debug|Any CPU.ActiveCfg = Debug|Any CPU
		{AAB2EE48-8361-42E7-BCFF-10F7F177EAAC}.Debug|Any CPU.Build.0 = Debug|Any CPU
		{AAB2EE48-8361-42E7-BCFF-10F7F177EAAC}.Release|Any CPU.ActiveCfg = Release|Any CPU
		{AAB2EE48-8361-42E7-BCFF-10F7F177EAAC}.Release|Any CPU.Build.0 = Release|Any CPU
		{0FEE9E57-A02C-4631-8538-57E2082DAF78}.Debug|Any CPU.ActiveCfg = Debug|Any CPU
		{0FEE9E57-A02C-4631-8538-57E2082DAF78}.Debug|Any CPU.Build.0 = Debug|Any CPU
		{0FEE9E57-A02C-4631-8538-57E2082DAF78}.Release|Any CPU.ActiveCfg = Release|Any CPU
		{0FEE9E57-A02C-4631-8538-57E2082DAF78}.Release|Any CPU.Build.0 = Release|Any CPU
	EndGlobalSection
EndGlobal
